
Microsoft Visual Studio Solution File, Format Version 12.00
# Visual Studio Version 16
VisualStudioVersion = 16.0.30114.105
MinimumVisualStudioVersion = 10.0.40219.1
Project("{FAE04EC0-301F-11D3-BF4B-00C04F79EFBC}") = "GHouseMobile.Android", "GHouseMobile\GHouseMobile.Android\GHouseMobile.Android.csproj", "{1ECA677B-9D57-47D0-AEFE-2D1099CD8ECD}"
EndProject
Project("{9A19103F-16F7-4668-BE54-9A1E7A4F7556}") = "GHouseMobile.Core", "GHouseMobile\GHouseMobile.Core\GHouseMobile.Core.csproj", "{CC693AF2-2D0B-4374-9F4B-A71E42B2BB50}"
EndProject
Project("{2150E333-8FDC-42A3-9474-1A3956D46DE8}") = "Shared", "Shared", "{F959F418-BC7B-49F5-BA12-4B548CFDEBCF}"
EndProject
Project("{2150E333-8FDC-42A3-9474-1A3956D46DE8}") = "Targets", "Targets", "{74DD2D94-EF0B-4C20-8AEC-66EB8700BCA4}"
	ProjectSection(SolutionItems) = preProject
		GHouseMobile\GHouseMobile.UWP\Assets\backarrow.json = GHouseMobile\GHouseMobile.UWP\Assets\backarrow.json
		GHouseMobile\GHouseMobile.UWP\Assets\backbutton.png = GHouseMobile\GHouseMobile.UWP\Assets\backbutton.png
		GHouseMobile\GHouseMobile.UWP\Assets\backicon.json = GHouseMobile\GHouseMobile.UWP\Assets\backicon.json
		GHouseMobile\GHouseMobile.UWP\Assets\downarrow.png = GHouseMobile\GHouseMobile.UWP\Assets\downarrow.png
		GHouseMobile\GHouseMobile.UWP\Assets\email.json = GHouseMobile\GHouseMobile.UWP\Assets\email.json
		GHouseMobile\GHouseMobile.UWP\Assets\EmailIcon.png = GHouseMobile\GHouseMobile.UWP\Assets\EmailIcon.png
		GHouseMobile\GHouseMobile.UWP\Assets\gpassword.json = GHouseMobile\GHouseMobile.UWP\Assets\gpassword.json
	EndProjectSection
EndProject
Project("{2150E333-8FDC-42A3-9474-1A3956D46DE8}") = "Solution Items", "Solution Items", "{09B9D37E-9E5A-44A5-8B6F-EA1CEC572446}"
	ProjectSection(SolutionItems) = preProject
		.editorconfig = .editorconfig
	EndProjectSection
EndProject
Project("{FAE04EC0-301F-11D3-BF4B-00C04F79EFBC}") = "GHouseMobile.iOS", "GHouseMobile\GHouseMobile.iOS\GHouseMobile.iOS.csproj", "{551CD37F-18A2-4D69-AC0F-4D7A575B10B8}"
EndProject
Project("{FAE04EC0-301F-11D3-BF4B-00C04F79EFBC}") = "GHouseMobile.UWP", "GHouseMobile\GHouseMobile.UWP\GHouseMobile.UWP.csproj", "{DCCE7121-8059-4190-BEBA-C34086BFC41E}"
EndProject
Global
	GlobalSection(SolutionConfigurationPlatforms) = preSolution
		Debug|Any CPU = Debug|Any CPU
		Debug|ARM = Debug|ARM
		Debug|ARM64 = Debug|ARM64
		Debug|iPhone = Debug|iPhone
		Debug|iPhoneSimulator = Debug|iPhoneSimulator
		Debug|x64 = Debug|x64
		Debug|x86 = Debug|x86
		Release|Any CPU = Release|Any CPU
		Release|ARM = Release|ARM
		Release|ARM64 = Release|ARM64
		Release|iPhone = Release|iPhone
		Release|iPhoneSimulator = Release|iPhoneSimulator
		Release|x64 = Release|x64
		Release|x86 = Release|x86
	EndGlobalSection
	GlobalSection(ProjectConfigurationPlatforms) = postSolution
		{1ECA677B-9D57-47D0-AEFE-2D1099CD8ECD}.Debug|Any CPU.ActiveCfg = Debug|Any CPU
		{1ECA677B-9D57-47D0-AEFE-2D1099CD8ECD}.Debug|Any CPU.Build.0 = Debug|Any CPU
		{1ECA677B-9D57-47D0-AEFE-2D1099CD8ECD}.Debug|Any CPU.Deploy.0 = Debug|Any CPU
		{1ECA677B-9D57-47D0-AEFE-2D1099CD8ECD}.Debug|ARM.ActiveCfg = Debug|Any CPU
		{1ECA677B-9D57-47D0-AEFE-2D1099CD8ECD}.Debug|ARM.Build.0 = Debug|Any CPU
		{1ECA677B-9D57-47D0-AEFE-2D1099CD8ECD}.Debug|ARM.Deploy.0 = Debug|Any CPU
		{1ECA677B-9D57-47D0-AEFE-2D1099CD8ECD}.Debug|ARM64.ActiveCfg = Debug|Any CPU
		{1ECA677B-9D57-47D0-AEFE-2D1099CD8ECD}.Debug|ARM64.Build.0 = Debug|Any CPU
		{1ECA677B-9D57-47D0-AEFE-2D1099CD8ECD}.Debug|ARM64.Deploy.0 = Debug|Any CPU
		{1ECA677B-9D57-47D0-AEFE-2D1099CD8ECD}.Debug|iPhone.ActiveCfg = Debug|Any CPU
		{1ECA677B-9D57-47D0-AEFE-2D1099CD8ECD}.Debug|iPhone.Build.0 = Debug|Any CPU
		{1ECA677B-9D57-47D0-AEFE-2D1099CD8ECD}.Debug|iPhone.Deploy.0 = Debug|Any CPU
		{1ECA677B-9D57-47D0-AEFE-2D1099CD8ECD}.Debug|iPhoneSimulator.ActiveCfg = Debug|Any CPU
		{1ECA677B-9D57-47D0-AEFE-2D1099CD8ECD}.Debug|iPhoneSimulator.Build.0 = Debug|Any CPU
		{1ECA677B-9D57-47D0-AEFE-2D1099CD8ECD}.Debug|iPhoneSimulator.Deploy.0 = Debug|Any CPU
		{1ECA677B-9D57-47D0-AEFE-2D1099CD8ECD}.Debug|x64.ActiveCfg = Debug|Any CPU
		{1ECA677B-9D57-47D0-AEFE-2D1099CD8ECD}.Debug|x64.Build.0 = Debug|Any CPU
		{1ECA677B-9D57-47D0-AEFE-2D1099CD8ECD}.Debug|x64.Deploy.0 = Debug|Any CPU
		{1ECA677B-9D57-47D0-AEFE-2D1099CD8ECD}.Debug|x86.ActiveCfg = Debug|Any CPU
		{1ECA677B-9D57-47D0-AEFE-2D1099CD8ECD}.Debug|x86.Build.0 = Debug|Any CPU
		{1ECA677B-9D57-47D0-AEFE-2D1099CD8ECD}.Debug|x86.Deploy.0 = Debug|Any CPU
		{1ECA677B-9D57-47D0-AEFE-2D1099CD8ECD}.Release|Any CPU.ActiveCfg = Release|Any CPU
		{1ECA677B-9D57-47D0-AEFE-2D1099CD8ECD}.Release|Any CPU.Build.0 = Release|Any CPU
		{1ECA677B-9D57-47D0-AEFE-2D1099CD8ECD}.Release|Any CPU.Deploy.0 = Release|Any CPU
		{1ECA677B-9D57-47D0-AEFE-2D1099CD8ECD}.Release|ARM.ActiveCfg = Release|Any CPU
		{1ECA677B-9D57-47D0-AEFE-2D1099CD8ECD}.Release|ARM.Build.0 = Release|Any CPU
		{1ECA677B-9D57-47D0-AEFE-2D1099CD8ECD}.Release|ARM.Deploy.0 = Release|Any CPU
		{1ECA677B-9D57-47D0-AEFE-2D1099CD8ECD}.Release|ARM64.ActiveCfg = Release|Any CPU
		{1ECA677B-9D57-47D0-AEFE-2D1099CD8ECD}.Release|ARM64.Build.0 = Release|Any CPU
		{1ECA677B-9D57-47D0-AEFE-2D1099CD8ECD}.Release|ARM64.Deploy.0 = Release|Any CPU
		{1ECA677B-9D57-47D0-AEFE-2D1099CD8ECD}.Release|iPhone.ActiveCfg = Release|Any CPU
		{1ECA677B-9D57-47D0-AEFE-2D1099CD8ECD}.Release|iPhone.Build.0 = Release|Any CPU
		{1ECA677B-9D57-47D0-AEFE-2D1099CD8ECD}.Release|iPhone.Deploy.0 = Release|Any CPU
		{1ECA677B-9D57-47D0-AEFE-2D1099CD8ECD}.Release|iPhoneSimulator.ActiveCfg = Release|Any CPU
		{1ECA677B-9D57-47D0-AEFE-2D1099CD8ECD}.Release|iPhoneSimulator.Build.0 = Release|Any CPU
		{1ECA677B-9D57-47D0-AEFE-2D1099CD8ECD}.Release|iPhoneSimulator.Deploy.0 = Release|Any CPU
		{1ECA677B-9D57-47D0-AEFE-2D1099CD8ECD}.Release|x64.ActiveCfg = Release|Any CPU
		{1ECA677B-9D57-47D0-AEFE-2D1099CD8ECD}.Release|x64.Build.0 = Release|Any CPU
		{1ECA677B-9D57-47D0-AEFE-2D1099CD8ECD}.Release|x64.Deploy.0 = Release|Any CPU
		{1ECA677B-9D57-47D0-AEFE-2D1099CD8ECD}.Release|x86.ActiveCfg = Release|Any CPU
		{1ECA677B-9D57-47D0-AEFE-2D1099CD8ECD}.Release|x86.Build.0 = Release|Any CPU
		{1ECA677B-9D57-47D0-AEFE-2D1099CD8ECD}.Release|x86.Deploy.0 = Release|Any CPU
		{CC693AF2-2D0B-4374-9F4B-A71E42B2BB50}.Debug|Any CPU.ActiveCfg = Debug|Any CPU
		{CC693AF2-2D0B-4374-9F4B-A71E42B2BB50}.Debug|Any CPU.Build.0 = Debug|Any CPU
		{CC693AF2-2D0B-4374-9F4B-A71E42B2BB50}.Debug|Any CPU.Deploy.0 = Debug|Any CPU
		{CC693AF2-2D0B-4374-9F4B-A71E42B2BB50}.Debug|ARM.ActiveCfg = Debug|Any CPU
		{CC693AF2-2D0B-4374-9F4B-A71E42B2BB50}.Debug|ARM.Build.0 = Debug|Any CPU
		{CC693AF2-2D0B-4374-9F4B-A71E42B2BB50}.Debug|ARM64.ActiveCfg = Debug|Any CPU
		{CC693AF2-2D0B-4374-9F4B-A71E42B2BB50}.Debug|ARM64.Build.0 = Debug|Any CPU
		{CC693AF2-2D0B-4374-9F4B-A71E42B2BB50}.Debug|iPhone.ActiveCfg = Debug|Any CPU
		{CC693AF2-2D0B-4374-9F4B-A71E42B2BB50}.Debug|iPhone.Build.0 = Debug|Any CPU
		{CC693AF2-2D0B-4374-9F4B-A71E42B2BB50}.Debug|iPhone.Deploy.0 = Debug|Any CPU
		{CC693AF2-2D0B-4374-9F4B-A71E42B2BB50}.Debug|iPhoneSimulator.ActiveCfg = Debug|Any CPU
		{CC693AF2-2D0B-4374-9F4B-A71E42B2BB50}.Debug|iPhoneSimulator.Build.0 = Debug|Any CPU
		{CC693AF2-2D0B-4374-9F4B-A71E42B2BB50}.Debug|iPhoneSimulator.Deploy.0 = Debug|Any CPU
		{CC693AF2-2D0B-4374-9F4B-A71E42B2BB50}.Debug|x64.ActiveCfg = Debug|Any CPU
		{CC693AF2-2D0B-4374-9F4B-A71E42B2BB50}.Debug|x64.Build.0 = Debug|Any CPU
		{CC693AF2-2D0B-4374-9F4B-A71E42B2BB50}.Debug|x86.ActiveCfg = Debug|Any CPU
		{CC693AF2-2D0B-4374-9F4B-A71E42B2BB50}.Debug|x86.Build.0 = Debug|Any CPU
		{CC693AF2-2D0B-4374-9F4B-A71E42B2BB50}.Release|Any CPU.ActiveCfg = Release|Any CPU
		{CC693AF2-2D0B-4374-9F4B-A71E42B2BB50}.Release|Any CPU.Build.0 = Release|Any CPU
		{CC693AF2-2D0B-4374-9F4B-A71E42B2BB50}.Release|Any CPU.Deploy.0 = Release|Any CPU
		{CC693AF2-2D0B-4374-9F4B-A71E42B2BB50}.Release|ARM.ActiveCfg = Release|Any CPU
		{CC693AF2-2D0B-4374-9F4B-A71E42B2BB50}.Release|ARM.Build.0 = Release|Any CPU
		{CC693AF2-2D0B-4374-9F4B-A71E42B2BB50}.Release|ARM64.ActiveCfg = Release|Any CPU
		{CC693AF2-2D0B-4374-9F4B-A71E42B2BB50}.Release|ARM64.Build.0 = Release|Any CPU
		{CC693AF2-2D0B-4374-9F4B-A71E42B2BB50}.Release|iPhone.ActiveCfg = Release|Any CPU
		{CC693AF2-2D0B-4374-9F4B-A71E42B2BB50}.Release|iPhone.Build.0 = Release|Any CPU
		{CC693AF2-2D0B-4374-9F4B-A71E42B2BB50}.Release|iPhone.Deploy.0 = Release|Any CPU
		{CC693AF2-2D0B-4374-9F4B-A71E42B2BB50}.Release|iPhoneSimulator.ActiveCfg = Release|Any CPU
		{CC693AF2-2D0B-4374-9F4B-A71E42B2BB50}.Release|iPhoneSimulator.Build.0 = Release|Any CPU
		{CC693AF2-2D0B-4374-9F4B-A71E42B2BB50}.Release|iPhoneSimulator.Deploy.0 = Release|Any CPU
		{CC693AF2-2D0B-4374-9F4B-A71E42B2BB50}.Release|x64.ActiveCfg = Release|Any CPU
		{CC693AF2-2D0B-4374-9F4B-A71E42B2BB50}.Release|x64.Build.0 = Release|Any CPU
		{CC693AF2-2D0B-4374-9F4B-A71E42B2BB50}.Release|x86.ActiveCfg = Release|Any CPU
		{CC693AF2-2D0B-4374-9F4B-A71E42B2BB50}.Release|x86.Build.0 = Release|Any CPU
		{551CD37F-18A2-4D69-AC0F-4D7A575B10B8}.Debug|Any CPU.ActiveCfg = Debug|iPhone
		{551CD37F-18A2-4D69-AC0F-4D7A575B10B8}.Debug|Any CPU.Build.0 = Debug|iPhone
		{551CD37F-18A2-4D69-AC0F-4D7A575B10B8}.Debug|Any CPU.Deploy.0 = Debug|iPhone
		{551CD37F-18A2-4D69-AC0F-4D7A575B10B8}.Debug|ARM.ActiveCfg = Debug|iPhoneSimulator
		{551CD37F-18A2-4D69-AC0F-4D7A575B10B8}.Debug|ARM64.ActiveCfg = Debug|iPhoneSimulator
		{551CD37F-18A2-4D69-AC0F-4D7A575B10B8}.Debug|iPhone.ActiveCfg = Debug|iPhone
		{551CD37F-18A2-4D69-AC0F-4D7A575B10B8}.Debug|iPhone.Build.0 = Debug|iPhone
		{551CD37F-18A2-4D69-AC0F-4D7A575B10B8}.Debug|iPhone.Deploy.0 = Debug|iPhone
		{551CD37F-18A2-4D69-AC0F-4D7A575B10B8}.Debug|iPhoneSimulator.ActiveCfg = Debug|iPhoneSimulator
		{551CD37F-18A2-4D69-AC0F-4D7A575B10B8}.Debug|iPhoneSimulator.Build.0 = Debug|iPhoneSimulator
		{551CD37F-18A2-4D69-AC0F-4D7A575B10B8}.Debug|iPhoneSimulator.Deploy.0 = Debug|iPhoneSimulator
		{551CD37F-18A2-4D69-AC0F-4D7A575B10B8}.Debug|x64.ActiveCfg = Debug|iPhoneSimulator
		{551CD37F-18A2-4D69-AC0F-4D7A575B10B8}.Debug|x86.ActiveCfg = Debug|iPhoneSimulator
		{551CD37F-18A2-4D69-AC0F-4D7A575B10B8}.Release|Any CPU.ActiveCfg = Release|iPhone
		{551CD37F-18A2-4D69-AC0F-4D7A575B10B8}.Release|Any CPU.Build.0 = Release|iPhone
		{551CD37F-18A2-4D69-AC0F-4D7A575B10B8}.Release|Any CPU.Deploy.0 = Release|iPhone
		{551CD37F-18A2-4D69-AC0F-4D7A575B10B8}.Release|ARM.ActiveCfg = Release|iPhoneSimulator
		{551CD37F-18A2-4D69-AC0F-4D7A575B10B8}.Release|ARM64.ActiveCfg = Release|iPhoneSimulator
		{551CD37F-18A2-4D69-AC0F-4D7A575B10B8}.Release|iPhone.ActiveCfg = Release|iPhone
		{551CD37F-18A2-4D69-AC0F-4D7A575B10B8}.Release|iPhone.Build.0 = Release|iPhone
		{551CD37F-18A2-4D69-AC0F-4D7A575B10B8}.Release|iPhone.Deploy.0 = Release|iPhone
		{551CD37F-18A2-4D69-AC0F-4D7A575B10B8}.Release|iPhoneSimulator.ActiveCfg = Release|iPhoneSimulator
		{551CD37F-18A2-4D69-AC0F-4D7A575B10B8}.Release|iPhoneSimulator.Build.0 = Release|iPhoneSimulator
		{551CD37F-18A2-4D69-AC0F-4D7A575B10B8}.Release|iPhoneSimulator.Deploy.0 = Release|iPhoneSimulator
		{551CD37F-18A2-4D69-AC0F-4D7A575B10B8}.Release|x64.ActiveCfg = Release|iPhoneSimulator
		{551CD37F-18A2-4D69-AC0F-4D7A575B10B8}.Release|x86.ActiveCfg = Release|iPhoneSimulator
		{DCCE7121-8059-4190-BEBA-C34086BFC41E}.Debug|Any CPU.ActiveCfg = Debug|x86
		{DCCE7121-8059-4190-BEBA-C34086BFC41E}.Debug|ARM.ActiveCfg = Debug|ARM
		{DCCE7121-8059-4190-BEBA-C34086BFC41E}.Debug|ARM.Build.0 = Debug|ARM
		{DCCE7121-8059-4190-BEBA-C34086BFC41E}.Debug|ARM.Deploy.0 = Debug|ARM
		{DCCE7121-8059-4190-BEBA-C34086BFC41E}.Debug|ARM64.ActiveCfg = Debug|ARM64
		{DCCE7121-8059-4190-BEBA-C34086BFC41E}.Debug|ARM64.Build.0 = Debug|ARM64
		{DCCE7121-8059-4190-BEBA-C34086BFC41E}.Debug|ARM64.Deploy.0 = Debug|ARM64
		{DCCE7121-8059-4190-BEBA-C34086BFC41E}.Debug|iPhone.ActiveCfg = Debug|x86
		{DCCE7121-8059-4190-BEBA-C34086BFC41E}.Debug|iPhone.Build.0 = Debug|x86
		{DCCE7121-8059-4190-BEBA-C34086BFC41E}.Debug|iPhone.Deploy.0 = Debug|x86
		{DCCE7121-8059-4190-BEBA-C34086BFC41E}.Debug|iPhoneSimulator.ActiveCfg = Debug|x86
		{DCCE7121-8059-4190-BEBA-C34086BFC41E}.Debug|x64.ActiveCfg = Debug|x64
		{DCCE7121-8059-4190-BEBA-C34086BFC41E}.Debug|x64.Build.0 = Debug|x64
		{DCCE7121-8059-4190-BEBA-C34086BFC41E}.Debug|x64.Deploy.0 = Debug|x64
		{DCCE7121-8059-4190-BEBA-C34086BFC41E}.Debug|x86.ActiveCfg = Debug|x86
		{DCCE7121-8059-4190-BEBA-C34086BFC41E}.Debug|x86.Build.0 = Debug|x86
		{DCCE7121-8059-4190-BEBA-C34086BFC41E}.Debug|x86.Deploy.0 = Debug|x86
		{DCCE7121-8059-4190-BEBA-C34086BFC41E}.Release|Any CPU.ActiveCfg = Release|x86
		{DCCE7121-8059-4190-BEBA-C34086BFC41E}.Release|ARM.ActiveCfg = Release|ARM
		{DCCE7121-8059-4190-BEBA-C34086BFC41E}.Release|ARM.Build.0 = Release|ARM
		{DCCE7121-8059-4190-BEBA-C34086BFC41E}.Release|ARM.Deploy.0 = Release|ARM
		{DCCE7121-8059-4190-BEBA-C34086BFC41E}.Release|ARM64.ActiveCfg = Release|ARM64
		{DCCE7121-8059-4190-BEBA-C34086BFC41E}.Release|ARM64.Build.0 = Release|ARM64
		{DCCE7121-8059-4190-BEBA-C34086BFC41E}.Release|ARM64.Deploy.0 = Release|ARM64
		{DCCE7121-8059-4190-BEBA-C34086BFC41E}.Release|iPhone.ActiveCfg = Release|x86
		{DCCE7121-8059-4190-BEBA-C34086BFC41E}.Release|iPhoneSimulator.ActiveCfg = Release|x86
		{DCCE7121-8059-4190-BEBA-C34086BFC41E}.Release|x64.ActiveCfg = Release|x64
		{DCCE7121-8059-4190-BEBA-C34086BFC41E}.Release|x64.Build.0 = Release|x64
		{DCCE7121-8059-4190-BEBA-C34086BFC41E}.Release|x64.Deploy.0 = Release|x64
		{DCCE7121-8059-4190-BEBA-C34086BFC41E}.Release|x86.ActiveCfg = Release|x86
		{DCCE7121-8059-4190-BEBA-C34086BFC41E}.Release|x86.Build.0 = Release|x86
		{DCCE7121-8059-4190-BEBA-C34086BFC41E}.Release|x86.Deploy.0 = Release|x86
	EndGlobalSection
	GlobalSection(SolutionProperties) = preSolution
		HideSolutionNode = FALSE
	EndGlobalSection
	GlobalSection(NestedProjects) = preSolution
		{1ECA677B-9D57-47D0-AEFE-2D1099CD8ECD} = {74DD2D94-EF0B-4C20-8AEC-66EB8700BCA4}
		{CC693AF2-2D0B-4374-9F4B-A71E42B2BB50} = {F959F418-BC7B-49F5-BA12-4B548CFDEBCF}
		{551CD37F-18A2-4D69-AC0F-4D7A575B10B8} = {74DD2D94-EF0B-4C20-8AEC-66EB8700BCA4}
		{DCCE7121-8059-4190-BEBA-C34086BFC41E} = {74DD2D94-EF0B-4C20-8AEC-66EB8700BCA4}
	EndGlobalSection
	GlobalSection(ExtensibilityGlobals) = postSolution
		SolutionGuid = {8E07922A-0309-4A3C-BA25-CDBCC39F3717}
	EndGlobalSection
EndGlobal
